// !$*UTF8*$!
{
	archiveVersion = 1;
	classes = {
	};
	objectVersion = 56;
	objects = {

/* Begin PBXBuildFile section */
		BE1F0DAC29CEC4BF00757533 /* SearchBarView.swift in Sources */ = {isa = PBXBuildFile; fileRef = BE1F0DAB29CEC4BF00757533 /* SearchBarView.swift */; };
		BE1F0DAE29CEC96F00757533 /* UiApplication.swift in Sources */ = {isa = PBXBuildFile; fileRef = BE1F0DAD29CEC96F00757533 /* UiApplication.swift */; };
		BE1F0DB029D0287400757533 /* StatisticModel.swift in Sources */ = {isa = PBXBuildFile; fileRef = BE1F0DAF29D0287400757533 /* StatisticModel.swift */; };
		BE1F0DB229D0291100757533 /* StatisticsView.swift in Sources */ = {isa = PBXBuildFile; fileRef = BE1F0DB129D0291100757533 /* StatisticsView.swift */; };
		BE1F0DB429D02C3600757533 /* HomeStatsView.swift in Sources */ = {isa = PBXBuildFile; fileRef = BE1F0DB329D02C3600757533 /* HomeStatsView.swift */; };
		BE1F0DB629D02FBD00757533 /* MarketDataModel.swift in Sources */ = {isa = PBXBuildFile; fileRef = BE1F0DB529D02FBD00757533 /* MarketDataModel.swift */; };
		BE1F0DB829D05DAD00757533 /* MarketDataService.swift in Sources */ = {isa = PBXBuildFile; fileRef = BE1F0DB729D05DAD00757533 /* MarketDataService.swift */; };
		BE1F0DBA29D0670600757533 /*  PortfolioView.swift in Sources */ = {isa = PBXBuildFile; fileRef = BE1F0DB929D0670600757533 /*  PortfolioView.swift */; };
		BE1F0DBC29D0699300757533 /* XmarkView.swift in Sources */ = {isa = PBXBuildFile; fileRef = BE1F0DBB29D0699300757533 /* XmarkView.swift */; };
		BE74C78A29C616D30046B1EF /* SwiftCryptoAppApp.swift in Sources */ = {isa = PBXBuildFile; fileRef = BE74C78929C616D30046B1EF /* SwiftCryptoAppApp.swift */; };
		BE74C78C29C616D30046B1EF /* ContentView.swift in Sources */ = {isa = PBXBuildFile; fileRef = BE74C78B29C616D30046B1EF /* ContentView.swift */; };
		BE74C78E29C616D50046B1EF /* Assets.xcassets in Resources */ = {isa = PBXBuildFile; fileRef = BE74C78D29C616D50046B1EF /* Assets.xcassets */; };
		BE74C79129C616D50046B1EF /* Preview Assets.xcassets in Resources */ = {isa = PBXBuildFile; fileRef = BE74C79029C616D50046B1EF /* Preview Assets.xcassets */; };
		BE74C79A29C61ACA0046B1EF /* Color.swift in Sources */ = {isa = PBXBuildFile; fileRef = BE74C79929C61ACA0046B1EF /* Color.swift */; };
		BE74C7A029C630D70046B1EF /* HomeView.swift in Sources */ = {isa = PBXBuildFile; fileRef = BE74C79F29C630D70046B1EF /* HomeView.swift */; };
		BE74C7A429C633840046B1EF /* CircleButtonView.swift in Sources */ = {isa = PBXBuildFile; fileRef = BE74C7A329C633840046B1EF /* CircleButtonView.swift */; };
		BE74C7A629C639140046B1EF /* CircleButtonAnimationView.swift in Sources */ = {isa = PBXBuildFile; fileRef = BE74C7A529C639140046B1EF /* CircleButtonAnimationView.swift */; };
		BE7B671129CCC8AB00D8F9C2 /* LocalFileManager.swift in Sources */ = {isa = PBXBuildFile; fileRef = BE7B671029CCC8AB00D8F9C2 /* LocalFileManager.swift */; };
		BE8C488C29C6DC6C004DEA5B /* CoinModel.swift in Sources */ = {isa = PBXBuildFile; fileRef = BE8C488B29C6DC6C004DEA5B /* CoinModel.swift */; };
		BE8C488E29C735E2004DEA5B /* CoinRowView.swift in Sources */ = {isa = PBXBuildFile; fileRef = BE8C488D29C735E2004DEA5B /* CoinRowView.swift */; };
		BE8C489029C73610004DEA5B /* PreviewProvider.swift in Sources */ = {isa = PBXBuildFile; fileRef = BE8C488F29C73610004DEA5B /* PreviewProvider.swift */; };
		BE8C489229C76F80004DEA5B /* Double.swift in Sources */ = {isa = PBXBuildFile; fileRef = BE8C489129C76F80004DEA5B /* Double.swift */; };
		BE8C489529C784A9004DEA5B /* HomeViewModel.swift in Sources */ = {isa = PBXBuildFile; fileRef = BE8C489429C784A9004DEA5B /* HomeViewModel.swift */; };
		BE97AE8229D2050500A56435 /* CoinLogoView.swift in Sources */ = {isa = PBXBuildFile; fileRef = BE97AE8129D2050400A56435 /* CoinLogoView.swift */; };
		BECB542629C8A67900CE930A /* CoinDataService.swift in Sources */ = {isa = PBXBuildFile; fileRef = BECB542329C8A63600CE930A /* CoinDataService.swift */; };
		BEE4F64C29CAEBB300EDAC4A /* NetworkManager.swift in Sources */ = {isa = PBXBuildFile; fileRef = BEE4F64B29CAEBB300EDAC4A /* NetworkManager.swift */; };
		BEE4F64E29CB3C9C00EDAC4A /* CoinImageService.swift in Sources */ = {isa = PBXBuildFile; fileRef = BEE4F64D29CB3C9C00EDAC4A /* CoinImageService.swift */; };
		BEE4F65329CB3D4800EDAC4A /* CoinImageViewModel.swift in Sources */ = {isa = PBXBuildFile; fileRef = BEE4F65229CB3D4800EDAC4A /* CoinImageViewModel.swift */; };
		BEE4F65529CB44E200EDAC4A /* CoinImageView.swift in Sources */ = {isa = PBXBuildFile; fileRef = BEE4F65429CB44E200EDAC4A /* CoinImageView.swift */; };
/* End PBXBuildFile section */

/* Begin PBXFileReference section */
		BE1F0DAB29CEC4BF00757533 /* SearchBarView.swift */ = {isa = PBXFileReference; lastKnownFileType = sourcecode.swift; path = SearchBarView.swift; sourceTree = "<group>"; };
		BE1F0DAD29CEC96F00757533 /* UiApplication.swift */ = {isa = PBXFileReference; lastKnownFileType = sourcecode.swift; path = UiApplication.swift; sourceTree = "<group>"; };
		BE1F0DAF29D0287400757533 /* StatisticModel.swift */ = {isa = PBXFileReference; lastKnownFileType = sourcecode.swift; path = StatisticModel.swift; sourceTree = "<group>"; };
		BE1F0DB129D0291100757533 /* StatisticsView.swift */ = {isa = PBXFileReference; lastKnownFileType = sourcecode.swift; path = StatisticsView.swift; sourceTree = "<group>"; };
		BE1F0DB329D02C3600757533 /* HomeStatsView.swift */ = {isa = PBXFileReference; lastKnownFileType = sourcecode.swift; path = HomeStatsView.swift; sourceTree = "<group>"; };
		BE1F0DB529D02FBD00757533 /* MarketDataModel.swift */ = {isa = PBXFileReference; lastKnownFileType = sourcecode.swift; path = MarketDataModel.swift; sourceTree = "<group>"; };
		BE1F0DB729D05DAD00757533 /* MarketDataService.swift */ = {isa = PBXFileReference; lastKnownFileType = sourcecode.swift; path = MarketDataService.swift; sourceTree = "<group>"; };
		BE1F0DB929D0670600757533 /*  PortfolioView.swift */ = {isa = PBXFileReference; lastKnownFileType = sourcecode.swift; path = " PortfolioView.swift"; sourceTree = "<group>"; };
		BE1F0DBB29D0699300757533 /* XmarkView.swift */ = {isa = PBXFileReference; lastKnownFileType = sourcecode.swift; path = XmarkView.swift; sourceTree = "<group>"; };
		BE74C78629C616D30046B1EF /* SwiftCryptoApp.app */ = {isa = PBXFileReference; explicitFileType = wrapper.application; includeInIndex = 0; path = SwiftCryptoApp.app; sourceTree = BUILT_PRODUCTS_DIR; };
		BE74C78929C616D30046B1EF /* SwiftCryptoAppApp.swift */ = {isa = PBXFileReference; lastKnownFileType = sourcecode.swift; path = SwiftCryptoAppApp.swift; sourceTree = "<group>"; };
		BE74C78B29C616D30046B1EF /* ContentView.swift */ = {isa = PBXFileReference; lastKnownFileType = sourcecode.swift; path = ContentView.swift; sourceTree = "<group>"; };
		BE74C78D29C616D50046B1EF /* Assets.xcassets */ = {isa = PBXFileReference; lastKnownFileType = folder.assetcatalog; path = Assets.xcassets; sourceTree = "<group>"; };
		BE74C79029C616D50046B1EF /* Preview Assets.xcassets */ = {isa = PBXFileReference; lastKnownFileType = folder.assetcatalog; path = "Preview Assets.xcassets"; sourceTree = "<group>"; };
		BE74C79929C61ACA0046B1EF /* Color.swift */ = {isa = PBXFileReference; lastKnownFileType = sourcecode.swift; path = Color.swift; sourceTree = "<group>"; };
		BE74C79F29C630D70046B1EF /* HomeView.swift */ = {isa = PBXFileReference; lastKnownFileType = sourcecode.swift; path = HomeView.swift; sourceTree = "<group>"; };
		BE74C7A329C633840046B1EF /* CircleButtonView.swift */ = {isa = PBXFileReference; lastKnownFileType = sourcecode.swift; path = CircleButtonView.swift; sourceTree = "<group>"; };
		BE74C7A529C639140046B1EF /* CircleButtonAnimationView.swift */ = {isa = PBXFileReference; lastKnownFileType = sourcecode.swift; path = CircleButtonAnimationView.swift; sourceTree = "<group>"; };
		BE7B671029CCC8AB00D8F9C2 /* LocalFileManager.swift */ = {isa = PBXFileReference; lastKnownFileType = sourcecode.swift; path = LocalFileManager.swift; sourceTree = "<group>"; };
		BE8C488B29C6DC6C004DEA5B /* CoinModel.swift */ = {isa = PBXFileReference; lastKnownFileType = sourcecode.swift; path = CoinModel.swift; sourceTree = "<group>"; };
		BE8C488D29C735E2004DEA5B /* CoinRowView.swift */ = {isa = PBXFileReference; lastKnownFileType = sourcecode.swift; path = CoinRowView.swift; sourceTree = "<group>"; };
		BE8C488F29C73610004DEA5B /* PreviewProvider.swift */ = {isa = PBXFileReference; lastKnownFileType = sourcecode.swift; path = PreviewProvider.swift; sourceTree = "<group>"; };
		BE8C489129C76F80004DEA5B /* Double.swift */ = {isa = PBXFileReference; lastKnownFileType = sourcecode.swift; path = Double.swift; sourceTree = "<group>"; };
		BE8C489429C784A9004DEA5B /* HomeViewModel.swift */ = {isa = PBXFileReference; lastKnownFileType = sourcecode.swift; path = HomeViewModel.swift; sourceTree = "<group>"; };
		BE97AE8129D2050400A56435 /* CoinLogoView.swift */ = {isa = PBXFileReference; lastKnownFileType = sourcecode.swift; path = CoinLogoView.swift; sourceTree = "<group>"; };
		BECB542329C8A63600CE930A /* CoinDataService.swift */ = {isa = PBXFileReference; lastKnownFileType = sourcecode.swift; path = CoinDataService.swift; sourceTree = "<group>"; };
		BEE4F64B29CAEBB300EDAC4A /* NetworkManager.swift */ = {isa = PBXFileReference; lastKnownFileType = sourcecode.swift; path = NetworkManager.swift; sourceTree = "<group>"; };
		BEE4F64D29CB3C9C00EDAC4A /* CoinImageService.swift */ = {isa = PBXFileReference; lastKnownFileType = sourcecode.swift; path = CoinImageService.swift; sourceTree = "<group>"; };
		BEE4F65229CB3D4800EDAC4A /* CoinImageViewModel.swift */ = {isa = PBXFileReference; lastKnownFileType = sourcecode.swift; path = CoinImageViewModel.swift; sourceTree = "<group>"; };
		BEE4F65429CB44E200EDAC4A /* CoinImageView.swift */ = {isa = PBXFileReference; lastKnownFileType = sourcecode.swift; path = CoinImageView.swift; sourceTree = "<group>"; };
/* End PBXFileReference section */

/* Begin PBXFrameworksBuildPhase section */
		BE74C78329C616D30046B1EF /* Frameworks */ = {
			isa = PBXFrameworksBuildPhase;
			buildActionMask = 2147483647;
			files = (
			);
			runOnlyForDeploymentPostprocessing = 0;
		};
/* End PBXFrameworksBuildPhase section */

/* Begin PBXGroup section */
		BE74C77D29C616D30046B1EF = {
			isa = PBXGroup;
			children = (
				BE74C78829C616D30046B1EF /* SwiftCryptoApp */,
				BE74C78729C616D30046B1EF /* Products */,
			);
			sourceTree = "<group>";
		};
		BE74C78729C616D30046B1EF /* Products */ = {
			isa = PBXGroup;
			children = (
				BE74C78629C616D30046B1EF /* SwiftCryptoApp.app */,
			);
			name = Products;
			sourceTree = "<group>";
		};
		BE74C78829C616D30046B1EF /* SwiftCryptoApp */ = {
			isa = PBXGroup;
			children = (
				BEE4F64A29CAEB9200EDAC4A /* Utilites */,
				BECB542229C8A62000CE930A /* Services */,
				BE74C79729C61A5C0046B1EF /* Extensions */,
				BE8C488A29C6DC55004DEA5B /* Model */,
				BE74C79C29C6308F0046B1EF /* core */,
				BE74C78929C616D30046B1EF /* SwiftCryptoAppApp.swift */,
				BE74C78B29C616D30046B1EF /* ContentView.swift */,
				BE74C78D29C616D50046B1EF /* Assets.xcassets */,
				BE74C78F29C616D50046B1EF /* Preview Content */,
			);
			path = SwiftCryptoApp;
			sourceTree = "<group>";
		};
		BE74C78F29C616D50046B1EF /* Preview Content */ = {
			isa = PBXGroup;
			children = (
				BE74C79029C616D50046B1EF /* Preview Assets.xcassets */,
			);
			path = "Preview Content";
			sourceTree = "<group>";
		};
		BE74C79729C61A5C0046B1EF /* Extensions */ = {
			isa = PBXGroup;
			children = (
				BE74C79929C61ACA0046B1EF /* Color.swift */,
				BE1F0DAD29CEC96F00757533 /* UiApplication.swift */,
				BE8C488F29C73610004DEA5B /* PreviewProvider.swift */,
				BE8C489129C76F80004DEA5B /* Double.swift */,
			);
			path = Extensions;
			sourceTree = "<group>";
		};
		BE74C79C29C6308F0046B1EF /* core */ = {
			isa = PBXGroup;
			children = (
				BE74C7A129C6332C0046B1EF /* Components */,
				BE74C79D29C630A60046B1EF /* Home */,
			);
			path = core;
			sourceTree = "<group>";
		};
		BE74C79D29C630A60046B1EF /* Home */ = {
			isa = PBXGroup;
			children = (
				BE8C489329C7846D004DEA5B /* ViewModel */,
				BE74C79E29C630B80046B1EF /* Views */,
			);
			path = Home;
			sourceTree = "<group>";
		};
		BE74C79E29C630B80046B1EF /* Views */ = {
			isa = PBXGroup;
			children = (
				BE74C79F29C630D70046B1EF /* HomeView.swift */,
				BE1F0DB329D02C3600757533 /* HomeStatsView.swift */,
				BE8C488D29C735E2004DEA5B /* CoinRowView.swift */,
				BE1F0DB929D0670600757533 /*  PortfolioView.swift */,
			);
			path = Views;
			sourceTree = "<group>";
		};
		BE74C7A129C6332C0046B1EF /* Components */ = {
			isa = PBXGroup;
			children = (
				BEE4F64F29CB3CB400EDAC4A /* CoinImage */,
				BE74C7A229C633390046B1EF /* CircleButton */,
				BE1F0DAB29CEC4BF00757533 /* SearchBarView.swift */,
				BE1F0DBB29D0699300757533 /* XmarkView.swift */,
				BE1F0DB129D0291100757533 /* StatisticsView.swift */,
			);
			path = Components;
			sourceTree = "<group>";
		};
		BE74C7A229C633390046B1EF /* CircleButton */ = {
			isa = PBXGroup;
			children = (
				BE74C7A329C633840046B1EF /* CircleButtonView.swift */,
				BE74C7A529C639140046B1EF /* CircleButtonAnimationView.swift */,
			);
			path = CircleButton;
			sourceTree = "<group>";
		};
		BE8C488A29C6DC55004DEA5B /* Model */ = {
			isa = PBXGroup;
			children = (
				BE8C488B29C6DC6C004DEA5B /* CoinModel.swift */,
				BE1F0DB529D02FBD00757533 /* MarketDataModel.swift */,
				BE1F0DAF29D0287400757533 /* StatisticModel.swift */,
			);
			path = Model;
			sourceTree = "<group>";
		};
		BE8C489329C7846D004DEA5B /* ViewModel */ = {
			isa = PBXGroup;
			children = (
				BE8C489429C784A9004DEA5B /* HomeViewModel.swift */,
			);
			path = ViewModel;
			sourceTree = "<group>";
		};
		BECB542229C8A62000CE930A /* Services */ = {
			isa = PBXGroup;
			children = (
				BECB542329C8A63600CE930A /* CoinDataService.swift */,
				BEE4F64D29CB3C9C00EDAC4A /* CoinImageService.swift */,
				BE1F0DB729D05DAD00757533 /* MarketDataService.swift */,
			);
			path = Services;
			sourceTree = "<group>";
		};
		BEE4F64A29CAEB9200EDAC4A /* Utilites */ = {
			isa = PBXGroup;
			children = (
				BEE4F64B29CAEBB300EDAC4A /* NetworkManager.swift */,
				BE7B671029CCC8AB00D8F9C2 /* LocalFileManager.swift */,
			);
			path = Utilites;
			sourceTree = "<group>";
		};
		BEE4F64F29CB3CB400EDAC4A /* CoinImage */ = {
			isa = PBXGroup;
			children = (
				BEE4F65229CB3D4800EDAC4A /* CoinImageViewModel.swift */,
				BEE4F65429CB44E200EDAC4A /* CoinImageView.swift */,
				BE97AE8129D2050400A56435 /* CoinLogoView.swift */,
			);
			path = CoinImage;
			sourceTree = "<group>";
		};
/* End PBXGroup section */

/* Begin PBXNativeTarget section */
		BE74C78529C616D30046B1EF /* SwiftCryptoApp */ = {
			isa = PBXNativeTarget;
			buildConfigurationList = BE74C79429C616D50046B1EF /* Build configuration list for PBXNativeTarget "SwiftCryptoApp" */;
			buildPhases = (
				BE74C78229C616D30046B1EF /* Sources */,
				BE74C78329C616D30046B1EF /* Frameworks */,
				BE74C78429C616D30046B1EF /* Resources */,
			);
			buildRules = (
			);
			dependencies = (
			);
			name = SwiftCryptoApp;
			productName = SwiftCryptoApp;
			productReference = BE74C78629C616D30046B1EF /* SwiftCryptoApp.app */;
			productType = "com.apple.product-type.application";
		};
/* End PBXNativeTarget section */

/* Begin PBXProject section */
		BE74C77E29C616D30046B1EF /* Project object */ = {
			isa = PBXProject;
			attributes = {
				BuildIndependentTargetsInParallel = 1;
				LastSwiftUpdateCheck = 1420;
				LastUpgradeCheck = 1420;
				TargetAttributes = {
					BE74C78529C616D30046B1EF = {
						CreatedOnToolsVersion = 14.2;
					};
				};
			};
			buildConfigurationList = BE74C78129C616D30046B1EF /* Build configuration list for PBXProject "SwiftCryptoApp" */;
			compatibilityVersion = "Xcode 14.0";
			developmentRegion = en;
			hasScannedForEncodings = 0;
			knownRegions = (
				en,
				Base,
			);
			mainGroup = BE74C77D29C616D30046B1EF;
			productRefGroup = BE74C78729C616D30046B1EF /* Products */;
			projectDirPath = "";
			projectRoot = "";
			targets = (
				BE74C78529C616D30046B1EF /* SwiftCryptoApp */,
			);
		};
/* End PBXProject section */

/* Begin PBXResourcesBuildPhase section */
		BE74C78429C616D30046B1EF /* Resources */ = {
			isa = PBXResourcesBuildPhase;
			buildActionMask = 2147483647;
			files = (
				BE74C79129C616D50046B1EF /* Preview Assets.xcassets in Resources */,
				BE74C78E29C616D50046B1EF /* Assets.xcassets in Resources */,
			);
			runOnlyForDeploymentPostprocessing = 0;
		};
/* End PBXResourcesBuildPhase section */

/* Begin PBXSourcesBuildPhase section */
		BE74C78229C616D30046B1EF /* Sources */ = {
			isa = PBXSourcesBuildPhase;
			buildActionMask = 2147483647;
			files = (
				BE1F0DB029D0287400757533 /* StatisticModel.swift in Sources */,
				BECB542629C8A67900CE930A /* CoinDataService.swift in Sources */,
				BE8C488E29C735E2004DEA5B /* CoinRowView.swift in Sources */,
				BE1F0DBA29D0670600757533 /*  PortfolioView.swift in Sources */,
				BE8C489529C784A9004DEA5B /* HomeViewModel.swift in Sources */,
				BEE4F64C29CAEBB300EDAC4A /* NetworkManager.swift in Sources */,
				BE7B671129CCC8AB00D8F9C2 /* LocalFileManager.swift in Sources */,
				BE1F0DB629D02FBD00757533 /* MarketDataModel.swift in Sources */,
				BE74C78C29C616D30046B1EF /* ContentView.swift in Sources */,
				BEE4F65529CB44E200EDAC4A /* CoinImageView.swift in Sources */,
				BE74C7A029C630D70046B1EF /* HomeView.swift in Sources */,
				BE74C78A29C616D30046B1EF /* SwiftCryptoAppApp.swift in Sources */,
				BE1F0DB229D0291100757533 /* StatisticsView.swift in Sources */,
				BE1F0DAE29CEC96F00757533 /* UiApplication.swift in Sources */,
				BE1F0DBC29D0699300757533 /* XmarkView.swift in Sources */,
				BE74C7A429C633840046B1EF /* CircleButtonView.swift in Sources */,
				BE1F0DAC29CEC4BF00757533 /* SearchBarView.swift in Sources */,
				BE97AE8229D2050500A56435 /* CoinLogoView.swift in Sources */,
				BE74C79A29C61ACA0046B1EF /* Color.swift in Sources */,
				BE1F0DB429D02C3600757533 /* HomeStatsView.swift in Sources */,
				BE1F0DB829D05DAD00757533 /* MarketDataService.swift in Sources */,
				BE74C7A629C639140046B1EF /* CircleButtonAnimationView.swift in Sources */,
				BE8C489029C73610004DEA5B /* PreviewProvider.swift in Sources */,
				BEE4F65329CB3D4800EDAC4A /* CoinImageViewModel.swift in Sources */,
				BE8C489229C76F80004DEA5B /* Double.swift in Sources */,
				BEE4F64E29CB3C9C00EDAC4A /* CoinImageService.swift in Sources */,
				BE8C488C29C6DC6C004DEA5B /* CoinModel.swift in Sources */,
			);
			runOnlyForDeploymentPostprocessing = 0;
		};
/* End PBXSourcesBuildPhase section */

/* Begin XCBuildConfiguration section */
		BE74C79229C616D50046B1EF /* Debug */ = {
			isa = XCBuildConfiguration;
			buildSettings = {
				ALWAYS_SEARCH_USER_PATHS = NO;
				CLANG_ANALYZER_NONNULL = YES;
				CLANG_ANALYZER_NUMBER_OBJECT_CONVERSION = YES_AGGRESSIVE;
				CLANG_CXX_LANGUAGE_STANDARD = "gnu++20";
				CLANG_ENABLE_MODULES = YES;
				CLANG_ENABLE_OBJC_ARC = YES;
				CLANG_ENABLE_OBJC_WEAK = YES;
				CLANG_WARN_BLOCK_CAPTURE_AUTORELEASING = YES;
				CLANG_WARN_BOOL_CONVERSION = YES;
				CLANG_WARN_COMMA = YES;
				CLANG_WARN_CONSTANT_CONVERSION = YES;
				CLANG_WARN_DEPRECATED_OBJC_IMPLEMENTATIONS = YES;
				CLANG_WARN_DIRECT_OBJC_ISA_USAGE = YES_ERROR;
				CLANG_WARN_DOCUMENTATION_COMMENTS = YES;
				CLANG_WARN_EMPTY_BODY = YES;
				CLANG_WARN_ENUM_CONVERSION = YES;
				CLANG_WARN_INFINITE_RECURSION = YES;
				CLANG_WARN_INT_CONVERSION = YES;
				CLANG_WARN_NON_LITERAL_NULL_CONVERSION = YES;
				CLANG_WARN_OBJC_IMPLICIT_RETAIN_SELF = YES;
				CLANG_WARN_OBJC_LITERAL_CONVERSION = YES;
				CLANG_WARN_OBJC_ROOT_CLASS = YES_ERROR;
				CLANG_WARN_QUOTED_INCLUDE_IN_FRAMEWORK_HEADER = YES;
				CLANG_WARN_RANGE_LOOP_ANALYSIS = YES;
				CLANG_WARN_STRICT_PROTOTYPES = YES;
				CLANG_WARN_SUSPICIOUS_MOVE = YES;
				CLANG_WARN_UNGUARDED_AVAILABILITY = YES_AGGRESSIVE;
				CLANG_WARN_UNREACHABLE_CODE = YES;
				CLANG_WARN__DUPLICATE_METHOD_MATCH = YES;
				COPY_PHASE_STRIP = NO;
				DEBUG_INFORMATION_FORMAT = dwarf;
				ENABLE_STRICT_OBJC_MSGSEND = YES;
				ENABLE_TESTABILITY = YES;
				GCC_C_LANGUAGE_STANDARD = gnu11;
				GCC_DYNAMIC_NO_PIC = NO;
				GCC_NO_COMMON_BLOCKS = YES;
				GCC_OPTIMIZATION_LEVEL = 0;
				GCC_PREPROCESSOR_DEFINITIONS = (
					"DEBUG=1",
					"$(inherited)",
				);
				GCC_WARN_64_TO_32_BIT_CONVERSION = YES;
				GCC_WARN_ABOUT_RETURN_TYPE = YES_ERROR;
				GCC_WARN_UNDECLARED_SELECTOR = YES;
				GCC_WARN_UNINITIALIZED_AUTOS = YES_AGGRESSIVE;
				GCC_WARN_UNUSED_FUNCTION = YES;
				GCC_WARN_UNUSED_VARIABLE = YES;
				IPHONEOS_DEPLOYMENT_TARGET = 16.2;
				MTL_ENABLE_DEBUG_INFO = INCLUDE_SOURCE;
				MTL_FAST_MATH = YES;
				ONLY_ACTIVE_ARCH = YES;
				SDKROOT = iphoneos;
				SWIFT_ACTIVE_COMPILATION_CONDITIONS = DEBUG;
				SWIFT_OPTIMIZATION_LEVEL = "-Onone";
			};
			name = Debug;
		};
		BE74C79329C616D50046B1EF /* Release */ = {
			isa = XCBuildConfiguration;
			buildSettings = {
				ALWAYS_SEARCH_USER_PATHS = NO;
				CLANG_ANALYZER_NONNULL = YES;
				CLANG_ANALYZER_NUMBER_OBJECT_CONVERSION = YES_AGGRESSIVE;
				CLANG_CXX_LANGUAGE_STANDARD = "gnu++20";
				CLANG_ENABLE_MODULES = YES;
				CLANG_ENABLE_OBJC_ARC = YES;
				CLANG_ENABLE_OBJC_WEAK = YES;
				CLANG_WARN_BLOCK_CAPTURE_AUTORELEASING = YES;
				CLANG_WARN_BOOL_CONVERSION = YES;
				CLANG_WARN_COMMA = YES;
				CLANG_WARN_CONSTANT_CONVERSION = YES;
				CLANG_WARN_DEPRECATED_OBJC_IMPLEMENTATIONS = YES;
				CLANG_WARN_DIRECT_OBJC_ISA_USAGE = YES_ERROR;
				CLANG_WARN_DOCUMENTATION_COMMENTS = YES;
				CLANG_WARN_EMPTY_BODY = YES;
				CLANG_WARN_ENUM_CONVERSION = YES;
				CLANG_WARN_INFINITE_RECURSION = YES;
				CLANG_WARN_INT_CONVERSION = YES;
				CLANG_WARN_NON_LITERAL_NULL_CONVERSION = YES;
				CLANG_WARN_OBJC_IMPLICIT_RETAIN_SELF = YES;
				CLANG_WARN_OBJC_LITERAL_CONVERSION = YES;
				CLANG_WARN_OBJC_ROOT_CLASS = YES_ERROR;
				CLANG_WARN_QUOTED_INCLUDE_IN_FRAMEWORK_HEADER = YES;
				CLANG_WARN_RANGE_LOOP_ANALYSIS = YES;
				CLANG_WARN_STRICT_PROTOTYPES = YES;
				CLANG_WARN_SUSPICIOUS_MOVE = YES;
				CLANG_WARN_UNGUARDED_AVAILABILITY = YES_AGGRESSIVE;
				CLANG_WARN_UNREACHABLE_CODE = YES;
				CLANG_WARN__DUPLICATE_METHOD_MATCH = YES;
				COPY_PHASE_STRIP = NO;
				DEBUG_INFORMATION_FORMAT = "dwarf-with-dsym";
				ENABLE_NS_ASSERTIONS = NO;
				ENABLE_STRICT_OBJC_MSGSEND = YES;
				GCC_C_LANGUAGE_STANDARD = gnu11;
				GCC_NO_COMMON_BLOCKS = YES;
				GCC_WARN_64_TO_32_BIT_CONVERSION = YES;
				GCC_WARN_ABOUT_RETURN_TYPE = YES_ERROR;
				GCC_WARN_UNDECLARED_SELECTOR = YES;
				GCC_WARN_UNINITIALIZED_AUTOS = YES_AGGRESSIVE;
				GCC_WARN_UNUSED_FUNCTION = YES;
				GCC_WARN_UNUSED_VARIABLE = YES;
				IPHONEOS_DEPLOYMENT_TARGET = 16.2;
				MTL_ENABLE_DEBUG_INFO = NO;
				MTL_FAST_MATH = YES;
				SDKROOT = iphoneos;
				SWIFT_COMPILATION_MODE = wholemodule;
				SWIFT_OPTIMIZATION_LEVEL = "-O";
				VALIDATE_PRODUCT = YES;
			};
			name = Release;
		};
		BE74C79529C616D50046B1EF /* Debug */ = {
			isa = XCBuildConfiguration;
			buildSettings = {
				ASSETCATALOG_COMPILER_APPICON_NAME = AppIcon;
				ASSETCATALOG_COMPILER_GLOBAL_ACCENT_COLOR_NAME = AccentColor;
				CODE_SIGN_STYLE = Automatic;
				CURRENT_PROJECT_VERSION = 1;
				DEVELOPMENT_ASSET_PATHS = "\"SwiftCryptoApp/Preview Content\"";
				ENABLE_PREVIEWS = YES;
				GENERATE_INFOPLIST_FILE = YES;
				INFOPLIST_KEY_CFBundleDisplayName = "Crypto Tracker App";
				INFOPLIST_KEY_UIApplicationSceneManifest_Generation = YES;
				INFOPLIST_KEY_UIApplicationSupportsIndirectInputEvents = YES;
				INFOPLIST_KEY_UILaunchScreen_Generation = YES;
				INFOPLIST_KEY_UISupportedInterfaceOrientations = UIInterfaceOrientationPortrait;
				LD_RUNPATH_SEARCH_PATHS = (
					"$(inherited)",
					"@executable_path/Frameworks",
				);
				MARKETING_VERSION = 1.0;
				PRODUCT_BUNDLE_IDENTIFIER = com.todo.SwiftCryptoApp;
				PRODUCT_NAME = "$(TARGET_NAME)";
				SWIFT_EMIT_LOC_STRINGS = YES;
				SWIFT_VERSION = 5.0;
				TARGETED_DEVICE_FAMILY = "1,2";
			};
			name = Debug;
		};
		BE74C79629C616D50046B1EF /* Release */ = {
			isa = XCBuildConfiguration;
			buildSettings = {
				ASSETCATALOG_COMPILER_APPICON_NAME = AppIcon;
				ASSETCATALOG_COMPILER_GLOBAL_ACCENT_COLOR_NAME = AccentColor;
				CODE_SIGN_STYLE = Automatic;
				CURRENT_PROJECT_VERSION = 1;
				DEVELOPMENT_ASSET_PATHS = "\"SwiftCryptoApp/Preview Content\"";
				ENABLE_PREVIEWS = YES;
				GENERATE_INFOPLIST_FILE = YES;
				INFOPLIST_KEY_CFBundleDisplayName = "Crypto Tracker App";
				INFOPLIST_KEY_UIApplicationSceneManifest_Generation = YES;
				INFOPLIST_KEY_UIApplicationSupportsIndirectInputEvents = YES;
				INFOPLIST_KEY_UILaunchScreen_Generation = YES;
				INFOPLIST_KEY_UISupportedInterfaceOrientations = UIInterfaceOrientationPortrait;
				LD_RUNPATH_SEARCH_PATHS = (
					"$(inherited)",
					"@executable_path/Frameworks",
				);
				MARKETING_VERSION = 1.0;
				PRODUCT_BUNDLE_IDENTIFIER = com.todo.SwiftCryptoApp;
				PRODUCT_NAME = "$(TARGET_NAME)";
				SWIFT_EMIT_LOC_STRINGS = YES;
				SWIFT_VERSION = 5.0;
				TARGETED_DEVICE_FAMILY = "1,2";
			};
			name = Release;
		};
/* End XCBuildConfiguration section */

/* Begin XCConfigurationList section */
		BE74C78129C616D30046B1EF /* Build configuration list for PBXProject "SwiftCryptoApp" */ = {
			isa = XCConfigurationList;
			buildConfigurations = (
				BE74C79229C616D50046B1EF /* Debug */,
				BE74C79329C616D50046B1EF /* Release */,
			);
			defaultConfigurationIsVisible = 0;
			defaultConfigurationName = Release;
		};
		BE74C79429C616D50046B1EF /* Build configuration list for PBXNativeTarget "SwiftCryptoApp" */ = {
			isa = XCConfigurationList;
			buildConfigurations = (
				BE74C79529C616D50046B1EF /* Debug */,
				BE74C79629C616D50046B1EF /* Release */,
			);
			defaultConfigurationIsVisible = 0;
			defaultConfigurationName = Release;
		};
/* End XCConfigurationList section */
	};
	rootObject = BE74C77E29C616D30046B1EF /* Project object */;
}
